
Microsoft Visual Studio Solution File, Format Version 10.00
# Visual C# Express 2008
Project("{FAE04EC0-301F-11D3-BF4B-00C04F79EFBC}") = "ExplodeICO", "ExplodeICO.csproj", "{EB2E6334-638A-4835-BF1B-27FA491D766C}"
EndProject
Global
	GlobalSection(SolutionConfigurationPlatforms) = preSolution
		Debug|Any CPU = Debug|Any CPU
		Release|Any CPU = Release|Any CPU
	EndGlobalSection
	GlobalSection(ProjectConfigurationPlatforms) = postSolution
		{EB2E6334-638A-4835-BF1B-27FA491D766C}.Debug|Any CPU.ActiveCfg = Debug|Any CPU
		{EB2E6334-638A-4835-BF1B-27FA491D766C}.Debug|Any CPU.Build.0 = Debug|Any CPU
		{EB2E6334-638A-4835-BF1B-27FA491D766C}.Release|Any CPU.ActiveCfg = Release|Any CPU
		{EB2E6334-638A-4835-BF1B-27FA491D766C}.Release|Any CPU.Build.0 = Release|Any CPU
	EndGlobalSection
	GlobalSection(SolutionProperties) = preSolution
		HideSolutionNode = FALSE
	EndGlobalSection
EndGlobal
