
Microsoft Visual Studio Solution File, Format Version 9.00
# Visual Studio 2005
Project("{8BC9CEB8-8B4A-11D0-8D11-00A0C91BC942}") = "OEM2Html", "OEM2Html.vcproj", "{EB319351-A8C5-4D8F-9487-85E3B65AC81C}"
EndProject
Global
	GlobalSection(SolutionConfigurationPlatforms) = preSolution
		Debug|Win32 = Debug|Win32
		Release|Win32 = Release|Win32
	EndGlobalSection
	GlobalSection(ProjectConfigurationPlatforms) = postSolution
		{EB319351-A8C5-4D8F-9487-85E3B65AC81C}.Debug|Win32.ActiveCfg = Debug|Win32
		{EB319351-A8C5-4D8F-9487-85E3B65AC81C}.Debug|Win32.Build.0 = Debug|Win32
		{EB319351-A8C5-4D8F-9487-85E3B65AC81C}.Release|Win32.ActiveCfg = Release|Win32
		{EB319351-A8C5-4D8F-9487-85E3B65AC81C}.Release|Win32.Build.0 = Release|Win32
	EndGlobalSection
	GlobalSection(SolutionProperties) = preSolution
		HideSolutionNode = FALSE
	EndGlobalSection
EndGlobal
