
Microsoft Visual Studio Solution File, Format Version 9.00
# Visual Studio 2005
Project("{8BC9CEB8-8B4A-11D0-8D11-00A0C91BC942}") = "CxImage", "CxImage\cximage.vcproj", "{EBC9574A-7F72-4DF0-8185-E4EE564DA3A5}"
EndProject
Project("{8BC9CEB8-8B4A-11D0-8D11-00A0C91BC942}") = "CxImageCrtDll", "CxImage\CxImageDLL\CxImageCrtDll.vcproj", "{786B4513-D6E9-48F9-9871-A7447E337D73}"
	ProjectSection(ProjectDependencies) = postProject
		{6A47EAAC-CB71-4A8C-9395-8A8CA6D1969F} = {6A47EAAC-CB71-4A8C-9395-8A8CA6D1969F}
		{E471E271-A35D-44C4-9817-B736A19B62AC} = {E471E271-A35D-44C4-9817-B736A19B62AC}
		{1B23EDCC-2F86-4227-97B3-1A1DB0C5519D} = {1B23EDCC-2F86-4227-97B3-1A1DB0C5519D}
		{C14B0F97-DFAE-45AA-94EC-9AA7AE0E85A5} = {C14B0F97-DFAE-45AA-94EC-9AA7AE0E85A5}
		{FE2A3398-6282-47B1-80E9-C1BB97D4F0F4} = {FE2A3398-6282-47B1-80E9-C1BB97D4F0F4}
		{AC115CC6-3294-4111-B5AC-D3A03E50DD54} = {AC115CC6-3294-4111-B5AC-D3A03E50DD54}
		{5B6C6977-0360-427F-AD7E-318FBE322C51} = {5B6C6977-0360-427F-AD7E-318FBE322C51}
		{9D947BED-F6E6-4E12-B5AE-F9973C2CC1E9} = {9D947BED-F6E6-4E12-B5AE-F9973C2CC1E9}
	EndProjectSection
EndProject
Project("{8BC9CEB8-8B4A-11D0-8D11-00A0C91BC942}") = "CxImageMfcDll", "CxImage\CxImageDLL\cximagemfcdll.vcproj", "{CB14F066-72CF-4ADA-8DFB-214ED3DA4DAA}"
	ProjectSection(ProjectDependencies) = postProject
		{6A47EAAC-CB71-4A8C-9395-8A8CA6D1969F} = {6A47EAAC-CB71-4A8C-9395-8A8CA6D1969F}
		{E471E271-A35D-44C4-9817-B736A19B62AC} = {E471E271-A35D-44C4-9817-B736A19B62AC}
		{1B23EDCC-2F86-4227-97B3-1A1DB0C5519D} = {1B23EDCC-2F86-4227-97B3-1A1DB0C5519D}
		{C14B0F97-DFAE-45AA-94EC-9AA7AE0E85A5} = {C14B0F97-DFAE-45AA-94EC-9AA7AE0E85A5}
		{FE2A3398-6282-47B1-80E9-C1BB97D4F0F4} = {FE2A3398-6282-47B1-80E9-C1BB97D4F0F4}
		{AC115CC6-3294-4111-B5AC-D3A03E50DD54} = {AC115CC6-3294-4111-B5AC-D3A03E50DD54}
		{5B6C6977-0360-427F-AD7E-318FBE322C51} = {5B6C6977-0360-427F-AD7E-318FBE322C51}
		{9D947BED-F6E6-4E12-B5AE-F9973C2CC1E9} = {9D947BED-F6E6-4E12-B5AE-F9973C2CC1E9}
	EndProjectSection
EndProject
Project("{8BC9CEB8-8B4A-11D0-8D11-00A0C91BC942}") = "demo", "demo\demo.vcproj", "{93DD13E3-2F56-417E-97F0-29AB93B8B9E2}"
	ProjectSection(ProjectDependencies) = postProject
		{EBC9574A-7F72-4DF0-8185-E4EE564DA3A5} = {EBC9574A-7F72-4DF0-8185-E4EE564DA3A5}
		{E471E271-A35D-44C4-9817-B736A19B62AC} = {E471E271-A35D-44C4-9817-B736A19B62AC}
		{1B23EDCC-2F86-4227-97B3-1A1DB0C5519D} = {1B23EDCC-2F86-4227-97B3-1A1DB0C5519D}
		{C14B0F97-DFAE-45AA-94EC-9AA7AE0E85A5} = {C14B0F97-DFAE-45AA-94EC-9AA7AE0E85A5}
		{FE2A3398-6282-47B1-80E9-C1BB97D4F0F4} = {FE2A3398-6282-47B1-80E9-C1BB97D4F0F4}
		{5B6C6977-0360-427F-AD7E-318FBE322C51} = {5B6C6977-0360-427F-AD7E-318FBE322C51}
		{6A47EAAC-CB71-4A8C-9395-8A8CA6D1969F} = {6A47EAAC-CB71-4A8C-9395-8A8CA6D1969F}
		{AC115CC6-3294-4111-B5AC-D3A03E50DD54} = {AC115CC6-3294-4111-B5AC-D3A03E50DD54}
		{9D947BED-F6E6-4E12-B5AE-F9973C2CC1E9} = {9D947BED-F6E6-4E12-B5AE-F9973C2CC1E9}
	EndProjectSection
EndProject
Project("{8BC9CEB8-8B4A-11D0-8D11-00A0C91BC942}") = "demoDll", "demo\demoDLL.vcproj", "{F08A6703-39E2-43C8-8BA8-9F236B3F4CC2}"
	ProjectSection(ProjectDependencies) = postProject
		{786B4513-D6E9-48F9-9871-A7447E337D73} = {786B4513-D6E9-48F9-9871-A7447E337D73}
	EndProjectSection
EndProject
Project("{8BC9CEB8-8B4A-11D0-8D11-00A0C91BC942}") = "jasper", "jasper\jasper.vcproj", "{AC115CC6-3294-4111-B5AC-D3A03E50DD54}"
EndProject
Project("{8BC9CEB8-8B4A-11D0-8D11-00A0C91BC942}") = "jbig", "jbig\jbig.vcproj", "{6A47EAAC-CB71-4A8C-9395-8A8CA6D1969F}"
EndProject
Project("{8BC9CEB8-8B4A-11D0-8D11-00A0C91BC942}") = "jpeg", "jpeg\Jpeg.vcproj", "{E471E271-A35D-44C4-9817-B736A19B62AC}"
EndProject
Project("{8BC9CEB8-8B4A-11D0-8D11-00A0C91BC942}") = "libdcr", "raw\libdcr.vcproj", "{9D947BED-F6E6-4E12-B5AE-F9973C2CC1E9}"
EndProject
Project("{8BC9CEB8-8B4A-11D0-8D11-00A0C91BC942}") = "mng", "mng\mng.vcproj", "{5B6C6977-0360-427F-AD7E-318FBE322C51}"
EndProject
Project("{8BC9CEB8-8B4A-11D0-8D11-00A0C91BC942}") = "png", "png\png.vcproj", "{1B23EDCC-2F86-4227-97B3-1A1DB0C5519D}"
EndProject
Project("{8BC9CEB8-8B4A-11D0-8D11-00A0C91BC942}") = "tiff", "tiff\Tiff.vcproj", "{C14B0F97-DFAE-45AA-94EC-9AA7AE0E85A5}"
EndProject
Project("{8BC9CEB8-8B4A-11D0-8D11-00A0C91BC942}") = "zlib", "zlib\zlib.vcproj", "{FE2A3398-6282-47B1-80E9-C1BB97D4F0F4}"
EndProject
Global
	GlobalSection(SolutionConfigurationPlatforms) = preSolution
		Debug|Win32 = Debug|Win32
		Release|Win32 = Release|Win32
		Unicode Debug|Win32 = Unicode Debug|Win32
		Unicode Release|Win32 = Unicode Release|Win32
	EndGlobalSection
	GlobalSection(ProjectConfigurationPlatforms) = postSolution
		{EBC9574A-7F72-4DF0-8185-E4EE564DA3A5}.Debug|Win32.ActiveCfg = Debug|Win32
		{EBC9574A-7F72-4DF0-8185-E4EE564DA3A5}.Debug|Win32.Build.0 = Debug|Win32
		{EBC9574A-7F72-4DF0-8185-E4EE564DA3A5}.Release|Win32.ActiveCfg = Release|Win32
		{EBC9574A-7F72-4DF0-8185-E4EE564DA3A5}.Release|Win32.Build.0 = Release|Win32
		{EBC9574A-7F72-4DF0-8185-E4EE564DA3A5}.Unicode Debug|Win32.ActiveCfg = Unicode Debug|Win32
		{EBC9574A-7F72-4DF0-8185-E4EE564DA3A5}.Unicode Debug|Win32.Build.0 = Unicode Debug|Win32
		{EBC9574A-7F72-4DF0-8185-E4EE564DA3A5}.Unicode Release|Win32.ActiveCfg = Unicode Release|Win32
		{EBC9574A-7F72-4DF0-8185-E4EE564DA3A5}.Unicode Release|Win32.Build.0 = Unicode Release|Win32
		{786B4513-D6E9-48F9-9871-A7447E337D73}.Debug|Win32.ActiveCfg = Debug|Win32
		{786B4513-D6E9-48F9-9871-A7447E337D73}.Release|Win32.ActiveCfg = Release|Win32
		{786B4513-D6E9-48F9-9871-A7447E337D73}.Unicode Debug|Win32.ActiveCfg = Unicode Debug|Win32
		{786B4513-D6E9-48F9-9871-A7447E337D73}.Unicode Release|Win32.ActiveCfg = Unicode Release|Win32
		{786B4513-D6E9-48F9-9871-A7447E337D73}.Unicode Release|Win32.Build.0 = Unicode Release|Win32
		{CB14F066-72CF-4ADA-8DFB-214ED3DA4DAA}.Debug|Win32.ActiveCfg = Debug|Win32
		{CB14F066-72CF-4ADA-8DFB-214ED3DA4DAA}.Release|Win32.ActiveCfg = Release|Win32
		{CB14F066-72CF-4ADA-8DFB-214ED3DA4DAA}.Unicode Debug|Win32.ActiveCfg = Unicode Debug|Win32
		{CB14F066-72CF-4ADA-8DFB-214ED3DA4DAA}.Unicode Release|Win32.ActiveCfg = Unicode Release|Win32
		{CB14F066-72CF-4ADA-8DFB-214ED3DA4DAA}.Unicode Release|Win32.Build.0 = Unicode Release|Win32
		{93DD13E3-2F56-417E-97F0-29AB93B8B9E2}.Debug|Win32.ActiveCfg = Debug|Win32
		{93DD13E3-2F56-417E-97F0-29AB93B8B9E2}.Release|Win32.ActiveCfg = Release|Win32
		{93DD13E3-2F56-417E-97F0-29AB93B8B9E2}.Unicode Debug|Win32.ActiveCfg = Unicode Debug|Win32
		{93DD13E3-2F56-417E-97F0-29AB93B8B9E2}.Unicode Release|Win32.ActiveCfg = Unicode Release|Win32
		{93DD13E3-2F56-417E-97F0-29AB93B8B9E2}.Unicode Release|Win32.Build.0 = Unicode Release|Win32
		{F08A6703-39E2-43C8-8BA8-9F236B3F4CC2}.Debug|Win32.ActiveCfg = Debug|Win32
		{F08A6703-39E2-43C8-8BA8-9F236B3F4CC2}.Release|Win32.ActiveCfg = Release|Win32
		{F08A6703-39E2-43C8-8BA8-9F236B3F4CC2}.Unicode Debug|Win32.ActiveCfg = Unicode Debug|Win32
		{F08A6703-39E2-43C8-8BA8-9F236B3F4CC2}.Unicode Release|Win32.ActiveCfg = Unicode Release|Win32
		{F08A6703-39E2-43C8-8BA8-9F236B3F4CC2}.Unicode Release|Win32.Build.0 = Unicode Release|Win32
		{AC115CC6-3294-4111-B5AC-D3A03E50DD54}.Debug|Win32.ActiveCfg = Debug|Win32
		{AC115CC6-3294-4111-B5AC-D3A03E50DD54}.Debug|Win32.Build.0 = Debug|Win32
		{AC115CC6-3294-4111-B5AC-D3A03E50DD54}.Release|Win32.ActiveCfg = Release|Win32
		{AC115CC6-3294-4111-B5AC-D3A03E50DD54}.Unicode Debug|Win32.ActiveCfg = Unicode Debug|Win32
		{AC115CC6-3294-4111-B5AC-D3A03E50DD54}.Unicode Debug|Win32.Build.0 = Unicode Debug|Win32
		{AC115CC6-3294-4111-B5AC-D3A03E50DD54}.Unicode Release|Win32.ActiveCfg = Unicode Release|Win32
		{AC115CC6-3294-4111-B5AC-D3A03E50DD54}.Unicode Release|Win32.Build.0 = Unicode Release|Win32
		{6A47EAAC-CB71-4A8C-9395-8A8CA6D1969F}.Debug|Win32.ActiveCfg = Debug|Win32
		{6A47EAAC-CB71-4A8C-9395-8A8CA6D1969F}.Debug|Win32.Build.0 = Debug|Win32
		{6A47EAAC-CB71-4A8C-9395-8A8CA6D1969F}.Release|Win32.ActiveCfg = Release|Win32
		{6A47EAAC-CB71-4A8C-9395-8A8CA6D1969F}.Unicode Debug|Win32.ActiveCfg = Unicode Debug|Win32
		{6A47EAAC-CB71-4A8C-9395-8A8CA6D1969F}.Unicode Debug|Win32.Build.0 = Unicode Debug|Win32
		{6A47EAAC-CB71-4A8C-9395-8A8CA6D1969F}.Unicode Release|Win32.ActiveCfg = Unicode Release|Win32
		{6A47EAAC-CB71-4A8C-9395-8A8CA6D1969F}.Unicode Release|Win32.Build.0 = Unicode Release|Win32
		{E471E271-A35D-44C4-9817-B736A19B62AC}.Debug|Win32.ActiveCfg = Debug|Win32
		{E471E271-A35D-44C4-9817-B736A19B62AC}.Debug|Win32.Build.0 = Debug|Win32
		{E471E271-A35D-44C4-9817-B736A19B62AC}.Release|Win32.ActiveCfg = Release|Win32
		{E471E271-A35D-44C4-9817-B736A19B62AC}.Release|Win32.Build.0 = Release|Win32
		{E471E271-A35D-44C4-9817-B736A19B62AC}.Unicode Debug|Win32.ActiveCfg = Unicode Debug|Win32
		{E471E271-A35D-44C4-9817-B736A19B62AC}.Unicode Debug|Win32.Build.0 = Unicode Debug|Win32
		{E471E271-A35D-44C4-9817-B736A19B62AC}.Unicode Release|Win32.ActiveCfg = Unicode Release|Win32
		{E471E271-A35D-44C4-9817-B736A19B62AC}.Unicode Release|Win32.Build.0 = Unicode Release|Win32
		{9D947BED-F6E6-4E12-B5AE-F9973C2CC1E9}.Debug|Win32.ActiveCfg = Debug|Win32
		{9D947BED-F6E6-4E12-B5AE-F9973C2CC1E9}.Debug|Win32.Build.0 = Debug|Win32
		{9D947BED-F6E6-4E12-B5AE-F9973C2CC1E9}.Release|Win32.ActiveCfg = Release|Win32
		{9D947BED-F6E6-4E12-B5AE-F9973C2CC1E9}.Unicode Debug|Win32.ActiveCfg = Unicode Debug|Win32
		{9D947BED-F6E6-4E12-B5AE-F9973C2CC1E9}.Unicode Debug|Win32.Build.0 = Unicode Debug|Win32
		{9D947BED-F6E6-4E12-B5AE-F9973C2CC1E9}.Unicode Release|Win32.ActiveCfg = Unicode Release|Win32
		{9D947BED-F6E6-4E12-B5AE-F9973C2CC1E9}.Unicode Release|Win32.Build.0 = Unicode Release|Win32
		{5B6C6977-0360-427F-AD7E-318FBE322C51}.Debug|Win32.ActiveCfg = Debug|Win32
		{5B6C6977-0360-427F-AD7E-318FBE322C51}.Debug|Win32.Build.0 = Debug|Win32
		{5B6C6977-0360-427F-AD7E-318FBE322C51}.Release|Win32.ActiveCfg = Release|Win32
		{5B6C6977-0360-427F-AD7E-318FBE322C51}.Unicode Debug|Win32.ActiveCfg = Unicode Debug|Win32
		{5B6C6977-0360-427F-AD7E-318FBE322C51}.Unicode Debug|Win32.Build.0 = Unicode Debug|Win32
		{5B6C6977-0360-427F-AD7E-318FBE322C51}.Unicode Release|Win32.ActiveCfg = Unicode Release|Win32
		{5B6C6977-0360-427F-AD7E-318FBE322C51}.Unicode Release|Win32.Build.0 = Unicode Release|Win32
		{1B23EDCC-2F86-4227-97B3-1A1DB0C5519D}.Debug|Win32.ActiveCfg = Debug|Win32
		{1B23EDCC-2F86-4227-97B3-1A1DB0C5519D}.Debug|Win32.Build.0 = Debug|Win32
		{1B23EDCC-2F86-4227-97B3-1A1DB0C5519D}.Release|Win32.ActiveCfg = Release|Win32
		{1B23EDCC-2F86-4227-97B3-1A1DB0C5519D}.Unicode Debug|Win32.ActiveCfg = Unicode Debug|Win32
		{1B23EDCC-2F86-4227-97B3-1A1DB0C5519D}.Unicode Debug|Win32.Build.0 = Unicode Debug|Win32
		{1B23EDCC-2F86-4227-97B3-1A1DB0C5519D}.Unicode Release|Win32.ActiveCfg = Unicode Release|Win32
		{1B23EDCC-2F86-4227-97B3-1A1DB0C5519D}.Unicode Release|Win32.Build.0 = Unicode Release|Win32
		{C14B0F97-DFAE-45AA-94EC-9AA7AE0E85A5}.Debug|Win32.ActiveCfg = Debug|Win32
		{C14B0F97-DFAE-45AA-94EC-9AA7AE0E85A5}.Debug|Win32.Build.0 = Debug|Win32
		{C14B0F97-DFAE-45AA-94EC-9AA7AE0E85A5}.Release|Win32.ActiveCfg = Release|Win32
		{C14B0F97-DFAE-45AA-94EC-9AA7AE0E85A5}.Release|Win32.Build.0 = Release|Win32
		{C14B0F97-DFAE-45AA-94EC-9AA7AE0E85A5}.Unicode Debug|Win32.ActiveCfg = Unicode Debug|Win32
		{C14B0F97-DFAE-45AA-94EC-9AA7AE0E85A5}.Unicode Debug|Win32.Build.0 = Unicode Debug|Win32
		{C14B0F97-DFAE-45AA-94EC-9AA7AE0E85A5}.Unicode Release|Win32.ActiveCfg = Unicode Release|Win32
		{C14B0F97-DFAE-45AA-94EC-9AA7AE0E85A5}.Unicode Release|Win32.Build.0 = Unicode Release|Win32
		{FE2A3398-6282-47B1-80E9-C1BB97D4F0F4}.Debug|Win32.ActiveCfg = Debug|Win32
		{FE2A3398-6282-47B1-80E9-C1BB97D4F0F4}.Debug|Win32.Build.0 = Debug|Win32
		{FE2A3398-6282-47B1-80E9-C1BB97D4F0F4}.Release|Win32.ActiveCfg = Release|Win32
		{FE2A3398-6282-47B1-80E9-C1BB97D4F0F4}.Release|Win32.Build.0 = Release|Win32
		{FE2A3398-6282-47B1-80E9-C1BB97D4F0F4}.Unicode Debug|Win32.ActiveCfg = Unicode Debug|Win32
		{FE2A3398-6282-47B1-80E9-C1BB97D4F0F4}.Unicode Debug|Win32.Build.0 = Unicode Debug|Win32
		{FE2A3398-6282-47B1-80E9-C1BB97D4F0F4}.Unicode Release|Win32.ActiveCfg = Unicode Release|Win32
		{FE2A3398-6282-47B1-80E9-C1BB97D4F0F4}.Unicode Release|Win32.Build.0 = Unicode Release|Win32
	EndGlobalSection
	GlobalSection(SolutionProperties) = preSolution
		HideSolutionNode = FALSE
	EndGlobalSection
EndGlobal
