
Microsoft Visual Studio Solution File, Format Version 9.00
# Visual Studio 2005
Project("{FAE04EC0-301F-11D3-BF4B-00C04F79EFBC}") = "PeekPOP3", "PeekPOP3.csproj", "{EE72DCBF-B66B-44BF-8E9E-7687939ACBFB}"
EndProject
Global
	GlobalSection(SolutionConfigurationPlatforms) = preSolution
		Debug|Any CPU = Debug|Any CPU
		Release|Any CPU = Release|Any CPU
	EndGlobalSection
	GlobalSection(ProjectConfigurationPlatforms) = postSolution
		{EE72DCBF-B66B-44BF-8E9E-7687939ACBFB}.Debug|Any CPU.ActiveCfg = Debug|Any CPU
		{EE72DCBF-B66B-44BF-8E9E-7687939ACBFB}.Debug|Any CPU.Build.0 = Debug|Any CPU
		{EE72DCBF-B66B-44BF-8E9E-7687939ACBFB}.Release|Any CPU.ActiveCfg = Release|Any CPU
		{EE72DCBF-B66B-44BF-8E9E-7687939ACBFB}.Release|Any CPU.Build.0 = Release|Any CPU
	EndGlobalSection
	GlobalSection(SolutionProperties) = preSolution
		HideSolutionNode = FALSE
	EndGlobalSection
EndGlobal
