
Microsoft Visual Studio Solution File, Format Version 9.00
# Visual Studio 2005
Project("{8BC9CEB8-8B4A-11D0-8D11-00A0C91BC942}") = "EditMyPlace2", "EditMyPlace2.vcproj", "{E0894C34-58F8-40EA-A25D-C6F6CAEFDF92}"
EndProject
Global
	GlobalSection(SolutionConfigurationPlatforms) = preSolution
		Debug|Win32 = Debug|Win32
		Release|Win32 = Release|Win32
	EndGlobalSection
	GlobalSection(ProjectConfigurationPlatforms) = postSolution
		{E0894C34-58F8-40EA-A25D-C6F6CAEFDF92}.Debug|Win32.ActiveCfg = Debug|Win32
		{E0894C34-58F8-40EA-A25D-C6F6CAEFDF92}.Debug|Win32.Build.0 = Debug|Win32
		{E0894C34-58F8-40EA-A25D-C6F6CAEFDF92}.Release|Win32.ActiveCfg = Release|Win32
		{E0894C34-58F8-40EA-A25D-C6F6CAEFDF92}.Release|Win32.Build.0 = Release|Win32
	EndGlobalSection
	GlobalSection(SolutionProperties) = preSolution
		HideSolutionNode = FALSE
	EndGlobalSection
EndGlobal
