
Microsoft Visual Studio Solution File, Format Version 9.00
# Visual Studio 2005
Project("{FAE04EC0-301F-11D3-BF4B-00C04F79EFBC}") = "SQLServer2005Reloc", "SQLServer2005Reloc.csproj", "{3D479293-78B1-4B6F-9134-0521E87C6E42}"
EndProject
Global
	GlobalSection(SolutionConfigurationPlatforms) = preSolution
		Debug|Any CPU = Debug|Any CPU
		Debug|x86 = Debug|x86
		Release|Any CPU = Release|Any CPU
		Release|x86 = Release|x86
	EndGlobalSection
	GlobalSection(ProjectConfigurationPlatforms) = postSolution
		{3D479293-78B1-4B6F-9134-0521E87C6E42}.Debug|Any CPU.ActiveCfg = Debug|Any CPU
		{3D479293-78B1-4B6F-9134-0521E87C6E42}.Debug|Any CPU.Build.0 = Debug|Any CPU
		{3D479293-78B1-4B6F-9134-0521E87C6E42}.Debug|x86.ActiveCfg = Debug|x86
		{3D479293-78B1-4B6F-9134-0521E87C6E42}.Debug|x86.Build.0 = Debug|x86
		{3D479293-78B1-4B6F-9134-0521E87C6E42}.Release|Any CPU.ActiveCfg = Release|Any CPU
		{3D479293-78B1-4B6F-9134-0521E87C6E42}.Release|Any CPU.Build.0 = Release|Any CPU
		{3D479293-78B1-4B6F-9134-0521E87C6E42}.Release|x86.ActiveCfg = Release|x86
		{3D479293-78B1-4B6F-9134-0521E87C6E42}.Release|x86.Build.0 = Release|x86
	EndGlobalSection
	GlobalSection(SolutionProperties) = preSolution
		HideSolutionNode = FALSE
	EndGlobalSection
EndGlobal
