
Microsoft Visual Studio Solution File, Format Version 9.00
# Visual Studio 2005
Project("{8BC9CEB8-8B4A-11D0-8D11-00A0C91BC942}") = "TestIAsyncMoniker", "TestIAsyncMoniker.vcproj", "{C067150F-D2DA-42B2-B232-DB28799A1B09}"
EndProject
Global
	GlobalSection(SolutionConfigurationPlatforms) = preSolution
		Debug|Win32 = Debug|Win32
		Release|Win32 = Release|Win32
	EndGlobalSection
	GlobalSection(ProjectConfigurationPlatforms) = postSolution
		{C067150F-D2DA-42B2-B232-DB28799A1B09}.Debug|Win32.ActiveCfg = Debug|Win32
		{C067150F-D2DA-42B2-B232-DB28799A1B09}.Debug|Win32.Build.0 = Debug|Win32
		{C067150F-D2DA-42B2-B232-DB28799A1B09}.Release|Win32.ActiveCfg = Release|Win32
		{C067150F-D2DA-42B2-B232-DB28799A1B09}.Release|Win32.Build.0 = Release|Win32
	EndGlobalSection
	GlobalSection(SolutionProperties) = preSolution
		HideSolutionNode = FALSE
	EndGlobalSection
EndGlobal
