
Microsoft Visual Studio Solution File, Format Version 9.00
# Visual Studio 2005
Project("{FAE04EC0-301F-11D3-BF4B-00C04F79EFBC}") = "DataSet2csv", "DataSet2csv.csproj", "{BA05BA45-9AFA-4C3C-A975-F427C94FBEB5}"
EndProject
Global
	GlobalSection(SolutionConfigurationPlatforms) = preSolution
		Debug|Any CPU = Debug|Any CPU
		Release|Any CPU = Release|Any CPU
	EndGlobalSection
	GlobalSection(ProjectConfigurationPlatforms) = postSolution
		{BA05BA45-9AFA-4C3C-A975-F427C94FBEB5}.Debug|Any CPU.ActiveCfg = Debug|Any CPU
		{BA05BA45-9AFA-4C3C-A975-F427C94FBEB5}.Debug|Any CPU.Build.0 = Debug|Any CPU
		{BA05BA45-9AFA-4C3C-A975-F427C94FBEB5}.Release|Any CPU.ActiveCfg = Release|Any CPU
		{BA05BA45-9AFA-4C3C-A975-F427C94FBEB5}.Release|Any CPU.Build.0 = Release|Any CPU
	EndGlobalSection
	GlobalSection(SolutionProperties) = preSolution
		HideSolutionNode = FALSE
	EndGlobalSection
EndGlobal
