
Microsoft Visual Studio Solution File, Format Version 9.00
# Visual Studio 2005
Project("{FAE04EC0-301F-11D3-BF4B-00C04F79EFBC}") = "CGIEnv", "CGIEnv\CGIEnv.csproj", "{A95FCB42-DDFC-46BA-8B20-6982C8C005A7}"
EndProject
Project("{FAE04EC0-301F-11D3-BF4B-00C04F79EFBC}") = "CGIPassThru", "CGIPassThru\CGIPassThru.csproj", "{E7F3C0AA-4E3B-4ED1-B2E9-8E75293024D4}"
EndProject
Project("{FAE04EC0-301F-11D3-BF4B-00C04F79EFBC}") = "DrivePassThru", "DrivePassThru\DrivePassThru.csproj", "{EE4944BC-026D-461B-986E-0C9A8890DC93}"
EndProject
Project("{FAE04EC0-301F-11D3-BF4B-00C04F79EFBC}") = "CGI4Ruby", "CGI4Ruby\CGI4Ruby.csproj", "{BBF368E2-E92B-4A2E-BA94-B866DDB925E0}"
EndProject
Project("{FAE04EC0-301F-11D3-BF4B-00C04F79EFBC}") = "CGI4PHP5", "CGI4PHP5\CGI4PHP5.csproj", "{EE7F014F-80D0-4CE4-8EC3-B2B306A6FA7C}"
EndProject
Global
	GlobalSection(SolutionConfigurationPlatforms) = preSolution
		Debug|Any CPU = Debug|Any CPU
		Release|Any CPU = Release|Any CPU
	EndGlobalSection
	GlobalSection(ProjectConfigurationPlatforms) = postSolution
		{A95FCB42-DDFC-46BA-8B20-6982C8C005A7}.Debug|Any CPU.ActiveCfg = Debug|Any CPU
		{A95FCB42-DDFC-46BA-8B20-6982C8C005A7}.Debug|Any CPU.Build.0 = Debug|Any CPU
		{A95FCB42-DDFC-46BA-8B20-6982C8C005A7}.Release|Any CPU.ActiveCfg = Release|Any CPU
		{A95FCB42-DDFC-46BA-8B20-6982C8C005A7}.Release|Any CPU.Build.0 = Release|Any CPU
		{E7F3C0AA-4E3B-4ED1-B2E9-8E75293024D4}.Debug|Any CPU.ActiveCfg = Debug|Any CPU
		{E7F3C0AA-4E3B-4ED1-B2E9-8E75293024D4}.Debug|Any CPU.Build.0 = Debug|Any CPU
		{E7F3C0AA-4E3B-4ED1-B2E9-8E75293024D4}.Release|Any CPU.ActiveCfg = Release|Any CPU
		{E7F3C0AA-4E3B-4ED1-B2E9-8E75293024D4}.Release|Any CPU.Build.0 = Release|Any CPU
		{EE4944BC-026D-461B-986E-0C9A8890DC93}.Debug|Any CPU.ActiveCfg = Debug|Any CPU
		{EE4944BC-026D-461B-986E-0C9A8890DC93}.Debug|Any CPU.Build.0 = Debug|Any CPU
		{EE4944BC-026D-461B-986E-0C9A8890DC93}.Release|Any CPU.ActiveCfg = Release|Any CPU
		{EE4944BC-026D-461B-986E-0C9A8890DC93}.Release|Any CPU.Build.0 = Release|Any CPU
		{BBF368E2-E92B-4A2E-BA94-B866DDB925E0}.Debug|Any CPU.ActiveCfg = Debug|Any CPU
		{BBF368E2-E92B-4A2E-BA94-B866DDB925E0}.Debug|Any CPU.Build.0 = Debug|Any CPU
		{BBF368E2-E92B-4A2E-BA94-B866DDB925E0}.Release|Any CPU.ActiveCfg = Release|Any CPU
		{BBF368E2-E92B-4A2E-BA94-B866DDB925E0}.Release|Any CPU.Build.0 = Release|Any CPU
		{EE7F014F-80D0-4CE4-8EC3-B2B306A6FA7C}.Debug|Any CPU.ActiveCfg = Debug|Any CPU
		{EE7F014F-80D0-4CE4-8EC3-B2B306A6FA7C}.Debug|Any CPU.Build.0 = Debug|Any CPU
		{EE7F014F-80D0-4CE4-8EC3-B2B306A6FA7C}.Release|Any CPU.ActiveCfg = Release|Any CPU
		{EE7F014F-80D0-4CE4-8EC3-B2B306A6FA7C}.Release|Any CPU.Build.0 = Release|Any CPU
	EndGlobalSection
	GlobalSection(SolutionProperties) = preSolution
		HideSolutionNode = FALSE
	EndGlobalSection
EndGlobal
