
Microsoft Visual Studio Solution File, Format Version 9.00
# Visual Studio 2005
Project("{FAE04EC0-301F-11D3-BF4B-00C04F79EFBC}") = "TCPLongTest", "TCPLongTest.csproj", "{56727F06-A130-4B73-B2CC-C47BF98C7EC6}"
EndProject
Global
	GlobalSection(SolutionConfigurationPlatforms) = preSolution
		Debug|Any CPU = Debug|Any CPU
		Release|Any CPU = Release|Any CPU
	EndGlobalSection
	GlobalSection(ProjectConfigurationPlatforms) = postSolution
		{56727F06-A130-4B73-B2CC-C47BF98C7EC6}.Debug|Any CPU.ActiveCfg = Debug|Any CPU
		{56727F06-A130-4B73-B2CC-C47BF98C7EC6}.Debug|Any CPU.Build.0 = Debug|Any CPU
		{56727F06-A130-4B73-B2CC-C47BF98C7EC6}.Release|Any CPU.ActiveCfg = Release|Any CPU
		{56727F06-A130-4B73-B2CC-C47BF98C7EC6}.Release|Any CPU.Build.0 = Release|Any CPU
	EndGlobalSection
	GlobalSection(SolutionProperties) = preSolution
		HideSolutionNode = FALSE
	EndGlobalSection
EndGlobal
