
Microsoft Visual Studio Solution File, Format Version 9.00
# Visual Studio 2005
Project("{FAE04EC0-301F-11D3-BF4B-00C04F79EFBC}") = "FTP4AFP", "FTP4AFP.csproj", "{2837ECF1-6DC2-4C90-8145-296E7F7FED9F}"
EndProject
Global
	GlobalSection(SolutionConfigurationPlatforms) = preSolution
		Debug|Any CPU = Debug|Any CPU
		Release|Any CPU = Release|Any CPU
	EndGlobalSection
	GlobalSection(ProjectConfigurationPlatforms) = postSolution
		{2837ECF1-6DC2-4C90-8145-296E7F7FED9F}.Debug|Any CPU.ActiveCfg = Debug|Any CPU
		{2837ECF1-6DC2-4C90-8145-296E7F7FED9F}.Debug|Any CPU.Build.0 = Debug|Any CPU
		{2837ECF1-6DC2-4C90-8145-296E7F7FED9F}.Release|Any CPU.ActiveCfg = Release|Any CPU
		{2837ECF1-6DC2-4C90-8145-296E7F7FED9F}.Release|Any CPU.Build.0 = Release|Any CPU
	EndGlobalSection
	GlobalSection(SolutionProperties) = preSolution
		HideSolutionNode = FALSE
	EndGlobalSection
EndGlobal
